
Microsoft Visual Studio Solution File, Format Version 12.00
# Visual Studio Version 17
VisualStudioVersion = 17.7.34221.43
MinimumVisualStudioVersion = 10.0.40219.1
Project("{FAE04EC0-301F-11D3-BF4B-00C04F79EFBC}") = "A. Don't Try to Count (Codeforces Round 903 (Div. 3))", "A. Don't Try to Count (Codeforces Round 903 (Div. 3))\A. Don't Try to Count (Codeforces Round 903 (Div. 3)).csproj", "{D06D92A4-C42F-4E18-88D2-8EA588756928}"
EndProject
Global
	GlobalSection(SolutionConfigurationPlatforms) = preSolution
		Debug|Any CPU = Debug|Any CPU
		Release|Any CPU = Release|Any CPU
	EndGlobalSection
	GlobalSection(ProjectConfigurationPlatforms) = postSolution
		{D06D92A4-C42F-4E18-88D2-8EA588756928}.Debug|Any CPU.ActiveCfg = Debug|Any CPU
		{D06D92A4-C42F-4E18-88D2-8EA588756928}.Debug|Any CPU.Build.0 = Debug|Any CPU
		{D06D92A4-C42F-4E18-88D2-8EA588756928}.Release|Any CPU.ActiveCfg = Release|Any CPU
		{D06D92A4-C42F-4E18-88D2-8EA588756928}.Release|Any CPU.Build.0 = Release|Any CPU
	EndGlobalSection
	GlobalSection(SolutionProperties) = preSolution
		HideSolutionNode = FALSE
	EndGlobalSection
	GlobalSection(ExtensibilityGlobals) = postSolution
		SolutionGuid = {6471AB20-842B-495E-AABE-FF69E08D01EA}
	EndGlobalSection
EndGlobal
